
Microsoft Visual Studio Solution File, Format Version 12.00
# Visual Studio Version 16
VisualStudioVersion = 16.0.29728.190
MinimumVisualStudioVersion = 10.0.40219.1
Project("{FAE04EC0-301F-11D3-BF4B-00C04F79EFBC}") = "INF272 Deliverable 2", "INF272 Deliverable 2\INF272 Deliverable 2.csproj", "{8E104678-4DEA-42BD-95B5-1892B46CEE2F}"
EndProject
Global
	GlobalSection(SolutionConfigurationPlatforms) = preSolution
		Debug|Any CPU = Debug|Any CPU
		Release|Any CPU = Release|Any CPU
	EndGlobalSection
	GlobalSection(ProjectConfigurationPlatforms) = postSolution
		{8E104678-4DEA-42BD-95B5-1892B46CEE2F}.Debug|Any CPU.ActiveCfg = Debug|Any CPU
		{8E104678-4DEA-42BD-95B5-1892B46CEE2F}.Debug|Any CPU.Build.0 = Debug|Any CPU
		{8E104678-4DEA-42BD-95B5-1892B46CEE2F}.Release|Any CPU.ActiveCfg = Release|Any CPU
		{8E104678-4DEA-42BD-95B5-1892B46CEE2F}.Release|Any CPU.Build.0 = Release|Any CPU
	EndGlobalSection
	GlobalSection(SolutionProperties) = preSolution
		HideSolutionNode = FALSE
	EndGlobalSection
	GlobalSection(ExtensibilityGlobals) = postSolution
		SolutionGuid = {5FADA8F2-D4EE-4502-8A1E-7A69EA6C4B7C}
	EndGlobalSection
EndGlobal
